<?xml version="1.0" encoding="utf-8"?>
<Project ToolsVersion="4.0" xmlns="http://schemas.microsoft.com/developer/msbuild/2003">
  <ItemGroup>
    <Filter Include="Source Files">
      <UniqueIdentifier>{4FC737F1-C7A5-4376-A066-2A32D752A2FF}</UniqueIdentifier>
      <Extensions>cpp;c;cc;cxx;c++;cppm;ixx;def;odl;idl;hpj;bat;asm;asmx</Extensions>
    </Filter>
    <Filter Include="Header Files">
      <UniqueIdentifier>{93995380-89BD-4b04-88EB-625FBE52EBFB}</UniqueIdentifier>
      <Extensions>h;hh;hpp;hxx;h++;hm;inl;inc;ipp;xsd</Extensions>
    </Filter>
    <Filter Include="Resource Files">
      <UniqueIdentifier>{67DA6AB6-F800-4c08-8B7A-83BB121AAD01}</UniqueIdentifier>
      <Extensions>rc;ico;cur;bmp;dlg;rc2;rct;bin;rgs;gif;jpg;jpeg;jpe;resx;tiff;tif;png;wav;mfcribbon-ms</Extensions>
    </Filter>
    <Filter Include="2023">
      <UniqueIdentifier>{0527ace9-9faa-4815-ba5e-0d51b146af6d}</UniqueIdentifier>
    </Filter>
    <Filter Include="2023\Header Files">
      <UniqueIdentifier>{3c208d98-6cbf-4337-83d2-d14a997fdad7}</UniqueIdentifier>
    </Filter>
    <Filter Include="2023\Source Files">
      <UniqueIdentifier>{1c65d22b-a26b-4bca-8f52-945e0ca6aacd}</UniqueIdentifier>
    </Filter>
  </ItemGroup>
  <ItemGroup>
    <ClCompile Include="HydroThermalVenture.cpp">
      <Filter>Source Files</Filter>
    </ClCompile>
    <ClCompile Include="Utilities.cpp">
      <Filter>Source Files</Filter>
    </ClCompile>
    <ClCompile Include="Puzzle6.cpp">
      <Filter>Source Files</Filter>
    </ClCompile>
    <ClCompile Include="Puzzle7.cpp">
      <Filter>Source Files</Filter>
    </ClCompile>
    <ClCompile Include="main.cpp">
      <Filter>Source Files</Filter>
    </ClCompile>
    <ClCompile Include="2023\Source Files\CalorieCounting.cpp">
      <Filter>2023\Source Files</Filter>
    </ClCompile>
  </ItemGroup>
  <ItemGroup>
    <Text Include="Input1.txt" />
    <Text Include="Input2.txt" />
    <Text Include="Input3.txt" />
    <Text Include="Input4.txt" />
    <Text Include="Input5.txt" />
    <Text Include="Input6.txt" />
    <Text Include="Input7.txt" />
  </ItemGroup>
  <ItemGroup>
    <ClInclude Include="HydroThermalVentures.h">
      <Filter>Header Files</Filter>
    </ClInclude>
    <ClInclude Include="Utilities.h">
      <Filter>Header Files</Filter>
    </ClInclude>
    <ClInclude Include="Puzzle6.h">
      <Filter>Header Files</Filter>
    </ClInclude>
    <ClInclude Include="Puzzle7.h">
      <Filter>Header Files</Filter>
    </ClInclude>
    <ClInclude Include="2023\Header Files\Source.h">
      <Filter>2023\Header Files</Filter>
    </ClInclude>
  </ItemGroup>
</Project>